
Microsoft Visual Studio Solution File, Format Version 12.00
# Visual Studio Version 17
VisualStudioVersion = 17.11.35208.52
MinimumVisualStudioVersion = 10.0.40219.1
Project("{FAE04EC0-301F-11D3-BF4B-00C04F79EFBC}") = "QuanLyKhachHang", "QuanLyKhachHang.csproj", "{FFAF263C-A20B-403F-AFFC-B9967F704702}"
EndProject
Global
	GlobalSection(SolutionConfigurationPlatforms) = preSolution
		Debug|Any CPU = Debug|Any CPU
		Release|Any CPU = Release|Any CPU
	EndGlobalSection
	GlobalSection(ProjectConfigurationPlatforms) = postSolution
		{FFAF263C-A20B-403F-AFFC-B9967F704702}.Debug|Any CPU.ActiveCfg = Debug|Any CPU
		{FFAF263C-A20B-403F-AFFC-B9967F704702}.Debug|Any CPU.Build.0 = Debug|Any CPU
		{FFAF263C-A20B-403F-AFFC-B9967F704702}.Release|Any CPU.ActiveCfg = Release|Any CPU
		{FFAF263C-A20B-403F-AFFC-B9967F704702}.Release|Any CPU.Build.0 = Release|Any CPU
	EndGlobalSection
	GlobalSection(SolutionProperties) = preSolution
		HideSolutionNode = FALSE
	EndGlobalSection
	GlobalSection(ExtensibilityGlobals) = postSolution
		SolutionGuid = {9B77F512-F9FE-4FF6-B093-84654B735E7C}
	EndGlobalSection
EndGlobal
